
Microsoft Visual Studio Solution File, Format Version 12.00
Project("{FAE04EC0-301F-11D3-BF4B-00C04F79EFBC}") = "Domain", "Domain\Domain.csproj", "{A4F4812D-DC7F-4269-B0A5-FF4728F109D2}"
EndProject
Project("{FAE04EC0-301F-11D3-BF4B-00C04F79EFBC}") = "Application", "Application\Application.csproj", "{DD9C63F9-B9A6-4D5C-92E9-16858D49B42C}"
EndProject
Project("{FAE04EC0-301F-11D3-BF4B-00C04F79EFBC}") = "Infra", "Infra\Infra.csproj", "{6EED1E01-6B82-42D2-B2DF-AB925A3B8E0D}"
EndProject
Project("{FAE04EC0-301F-11D3-BF4B-00C04F79EFBC}") = "MyShop.Ui", "MyShop.Ui\MyShop.Ui.csproj", "{0DAF13EC-5250-4437-BE89-03A137F62455}"
EndProject
Global
	GlobalSection(SolutionConfigurationPlatforms) = preSolution
		Debug|Any CPU = Debug|Any CPU
		Release|Any CPU = Release|Any CPU
	EndGlobalSection
	GlobalSection(ProjectConfigurationPlatforms) = postSolution
		{A4F4812D-DC7F-4269-B0A5-FF4728F109D2}.Debug|Any CPU.ActiveCfg = Debug|Any CPU
		{A4F4812D-DC7F-4269-B0A5-FF4728F109D2}.Debug|Any CPU.Build.0 = Debug|Any CPU
		{A4F4812D-DC7F-4269-B0A5-FF4728F109D2}.Release|Any CPU.ActiveCfg = Release|Any CPU
		{A4F4812D-DC7F-4269-B0A5-FF4728F109D2}.Release|Any CPU.Build.0 = Release|Any CPU
		{DD9C63F9-B9A6-4D5C-92E9-16858D49B42C}.Debug|Any CPU.ActiveCfg = Debug|Any CPU
		{DD9C63F9-B9A6-4D5C-92E9-16858D49B42C}.Debug|Any CPU.Build.0 = Debug|Any CPU
		{DD9C63F9-B9A6-4D5C-92E9-16858D49B42C}.Release|Any CPU.ActiveCfg = Release|Any CPU
		{DD9C63F9-B9A6-4D5C-92E9-16858D49B42C}.Release|Any CPU.Build.0 = Release|Any CPU
		{6EED1E01-6B82-42D2-B2DF-AB925A3B8E0D}.Debug|Any CPU.ActiveCfg = Debug|Any CPU
		{6EED1E01-6B82-42D2-B2DF-AB925A3B8E0D}.Debug|Any CPU.Build.0 = Debug|Any CPU
		{6EED1E01-6B82-42D2-B2DF-AB925A3B8E0D}.Release|Any CPU.ActiveCfg = Release|Any CPU
		{6EED1E01-6B82-42D2-B2DF-AB925A3B8E0D}.Release|Any CPU.Build.0 = Release|Any CPU
		{0DAF13EC-5250-4437-BE89-03A137F62455}.Debug|Any CPU.ActiveCfg = Debug|Any CPU
		{0DAF13EC-5250-4437-BE89-03A137F62455}.Debug|Any CPU.Build.0 = Debug|Any CPU
		{0DAF13EC-5250-4437-BE89-03A137F62455}.Release|Any CPU.ActiveCfg = Release|Any CPU
		{0DAF13EC-5250-4437-BE89-03A137F62455}.Release|Any CPU.Build.0 = Release|Any CPU
	EndGlobalSection
	GlobalSection(NestedProjects) = preSolution
	EndGlobalSection
EndGlobal
